
Microsoft Visual Studio Solution File, Format Version 12.00
# Visual Studio 2012
Project("{FAE04EC0-301F-11D3-BF4B-00C04F79EFBC}") = "CalorieCalculator.API", "CalorieCalculator.API\CalorieCalculator.API.csproj", "{B3735C77-89EB-4667-8CB2-A07B69A5D2F3}"
EndProject
Project("{FAE04EC0-301F-11D3-BF4B-00C04F79EFBC}") = "CalorieCounter.TestHarness", "CalorieCounter.TestHarness\CalorieCounter.TestHarness.csproj", "{B985A20F-9A4E-46B7-A02F-F75F4601660F}"
EndProject
Project("{2150E333-8FDC-42A3-9474-1A3956D46DE8}") = "INSTRUCTIONS - PLEASE READ", "INSTRUCTIONS - PLEASE READ", "{39565F78-0459-4F77-9F1C-1DA7E1E7683F}"
	ProjectSection(SolutionItems) = preProject
		Instructions.txt = Instructions.txt
	EndProjectSection
EndProject
Global
	GlobalSection(SolutionConfigurationPlatforms) = preSolution
		Debug|Any CPU = Debug|Any CPU
		Release|Any CPU = Release|Any CPU
	EndGlobalSection
	GlobalSection(ProjectConfigurationPlatforms) = postSolution
		{B3735C77-89EB-4667-8CB2-A07B69A5D2F3}.Debug|Any CPU.ActiveCfg = Debug|Any CPU
		{B3735C77-89EB-4667-8CB2-A07B69A5D2F3}.Debug|Any CPU.Build.0 = Debug|Any CPU
		{B3735C77-89EB-4667-8CB2-A07B69A5D2F3}.Release|Any CPU.ActiveCfg = Release|Any CPU
		{B3735C77-89EB-4667-8CB2-A07B69A5D2F3}.Release|Any CPU.Build.0 = Release|Any CPU
		{B985A20F-9A4E-46B7-A02F-F75F4601660F}.Debug|Any CPU.ActiveCfg = Debug|Any CPU
		{B985A20F-9A4E-46B7-A02F-F75F4601660F}.Debug|Any CPU.Build.0 = Debug|Any CPU
		{B985A20F-9A4E-46B7-A02F-F75F4601660F}.Release|Any CPU.ActiveCfg = Release|Any CPU
		{B985A20F-9A4E-46B7-A02F-F75F4601660F}.Release|Any CPU.Build.0 = Release|Any CPU
	EndGlobalSection
	GlobalSection(SolutionProperties) = preSolution
		HideSolutionNode = FALSE
	EndGlobalSection
EndGlobal
